
Microsoft Visual Studio Solution File, Format Version 12.00
# Visual Studio Version 17
VisualStudioVersion = 17.10.35004.147
MinimumVisualStudioVersion = 10.0.40219.1
Project("{888888A0-9F3D-457C-B088-3A5042F75D52}") = "List Ranking App", "List Ranking App\List Ranking App.pyproj", "{818BED15-98DE-47F8-B8AB-6C35B37BC4E2}"
EndProject
Global
	GlobalSection(SolutionConfigurationPlatforms) = preSolution
		Debug|Any CPU = Debug|Any CPU
		Release|Any CPU = Release|Any CPU
	EndGlobalSection
	GlobalSection(ProjectConfigurationPlatforms) = postSolution
		{818BED15-98DE-47F8-B8AB-6C35B37BC4E2}.Debug|Any CPU.ActiveCfg = Debug|Any CPU
		{818BED15-98DE-47F8-B8AB-6C35B37BC4E2}.Release|Any CPU.ActiveCfg = Release|Any CPU
	EndGlobalSection
	GlobalSection(SolutionProperties) = preSolution
		HideSolutionNode = FALSE
	EndGlobalSection
	GlobalSection(ExtensibilityGlobals) = postSolution
		SolutionGuid = {20AA60D0-2CBA-4D57-9006-51480F885B56}
	EndGlobalSection
EndGlobal
